{
  "markbot": "f9afcb83c5dddab269d78ce64770440db50f2af195842978b01aecf2ce4d59ec",
  "markbotignore": "030a4e6e1b3b6b510514a7ae54576e2c2ef762d56236c6414ef634955d96a126",
  "index.html": "8c540ffdc6f2ff52f81f83ce8d67eee312d1ba161543721c47b5c2b38a9fa79f",
  "index-320.png": "9de2bacd9e4f7f8ce6b177025c27d9a2d34b024d260940af112e38753410357e"
}